
Microsoft Visual Studio Solution File, Format Version 12.00
# Visual Studio Version 16
VisualStudioVersion = 16.0.31410.357
MinimumVisualStudioVersion = 10.0.40219.1
Project("{FAE04EC0-301F-11D3-BF4B-00C04F79EFBC}") = "LayuiApp", "LayuiApp\LayuiApp.csproj", "{66C2DD01-5264-4219-9C8D-D4A560CBF024}"
EndProject
Project("{2150E333-8FDC-42A3-9474-1A3956D46DE8}") = "UI", "UI", "{169DD4F0-432E-466C-8329-76762022D1A8}"
EndProject
Project("{2150E333-8FDC-42A3-9474-1A3956D46DE8}") = "Models", "Models", "{24C0F3BE-6387-42BD-9469-3D5B0D810B93}"
EndProject
Project("{FAE04EC0-301F-11D3-BF4B-00C04F79EFBC}") = "LayuiHome", "Models\LayuiHome\LayuiHome.csproj", "{7EC17FFF-261F-4F1C-9899-F5AD3BB34D4F}"
EndProject
Project("{2150E333-8FDC-42A3-9474-1A3956D46DE8}") = "Core", "Core", "{F427B4DF-E10B-4B96-89F2-6D82E351E997}"
EndProject
Project("{FAE04EC0-301F-11D3-BF4B-00C04F79EFBC}") = "Layui.Core", "Core\Layui.Core\Layui.Core.csproj", "{B867ED96-1955-45C5-9381-A21DBAE85529}"
EndProject
Project("{2150E333-8FDC-42A3-9474-1A3956D46DE8}") = "Resource", "Resource", "{AC05C3AB-B169-44FF-9030-2231D1C931F9}"
	ProjectSection(SolutionItems) = preProject
		Core\Layui.Core\SystemResource.cs = Core\Layui.Core\SystemResource.cs
	EndProjectSection
EndProject
Project("{FAE04EC0-301F-11D3-BF4B-00C04F79EFBC}") = "LayuiTemplate", "LayuiTemplate\LayuiTemplate.csproj", "{80DD0AA1-A155-4C77-A7D0-878F1FB1325E}"
EndProject
Global
	GlobalSection(SolutionConfigurationPlatforms) = preSolution
		Debug|Any CPU = Debug|Any CPU
		Release|Any CPU = Release|Any CPU
	EndGlobalSection
	GlobalSection(ProjectConfigurationPlatforms) = postSolution
		{66C2DD01-5264-4219-9C8D-D4A560CBF024}.Debug|Any CPU.ActiveCfg = Debug|Any CPU
		{66C2DD01-5264-4219-9C8D-D4A560CBF024}.Debug|Any CPU.Build.0 = Debug|Any CPU
		{66C2DD01-5264-4219-9C8D-D4A560CBF024}.Release|Any CPU.ActiveCfg = Release|Any CPU
		{66C2DD01-5264-4219-9C8D-D4A560CBF024}.Release|Any CPU.Build.0 = Release|Any CPU
		{7EC17FFF-261F-4F1C-9899-F5AD3BB34D4F}.Debug|Any CPU.ActiveCfg = Debug|Any CPU
		{7EC17FFF-261F-4F1C-9899-F5AD3BB34D4F}.Debug|Any CPU.Build.0 = Debug|Any CPU
		{7EC17FFF-261F-4F1C-9899-F5AD3BB34D4F}.Release|Any CPU.ActiveCfg = Release|Any CPU
		{7EC17FFF-261F-4F1C-9899-F5AD3BB34D4F}.Release|Any CPU.Build.0 = Release|Any CPU
		{B867ED96-1955-45C5-9381-A21DBAE85529}.Debug|Any CPU.ActiveCfg = Debug|Any CPU
		{B867ED96-1955-45C5-9381-A21DBAE85529}.Debug|Any CPU.Build.0 = Debug|Any CPU
		{B867ED96-1955-45C5-9381-A21DBAE85529}.Release|Any CPU.ActiveCfg = Release|Any CPU
		{B867ED96-1955-45C5-9381-A21DBAE85529}.Release|Any CPU.Build.0 = Release|Any CPU
		{80DD0AA1-A155-4C77-A7D0-878F1FB1325E}.Debug|Any CPU.ActiveCfg = Debug|Any CPU
		{80DD0AA1-A155-4C77-A7D0-878F1FB1325E}.Debug|Any CPU.Build.0 = Debug|Any CPU
		{80DD0AA1-A155-4C77-A7D0-878F1FB1325E}.Release|Any CPU.ActiveCfg = Release|Any CPU
		{80DD0AA1-A155-4C77-A7D0-878F1FB1325E}.Release|Any CPU.Build.0 = Release|Any CPU
	EndGlobalSection
	GlobalSection(SolutionProperties) = preSolution
		HideSolutionNode = FALSE
	EndGlobalSection
	GlobalSection(NestedProjects) = preSolution
		{66C2DD01-5264-4219-9C8D-D4A560CBF024} = {169DD4F0-432E-466C-8329-76762022D1A8}
		{7EC17FFF-261F-4F1C-9899-F5AD3BB34D4F} = {24C0F3BE-6387-42BD-9469-3D5B0D810B93}
		{B867ED96-1955-45C5-9381-A21DBAE85529} = {F427B4DF-E10B-4B96-89F2-6D82E351E997}
		{AC05C3AB-B169-44FF-9030-2231D1C931F9} = {F427B4DF-E10B-4B96-89F2-6D82E351E997}
		{80DD0AA1-A155-4C77-A7D0-878F1FB1325E} = {169DD4F0-432E-466C-8329-76762022D1A8}
	EndGlobalSection
	GlobalSection(ExtensibilityGlobals) = postSolution
		SolutionGuid = {C6FF3F37-627F-4C9F-9058-72C9F77EA1B2}
	EndGlobalSection
EndGlobal
